{
  "version": 1,
  "dependencies": {
    "net8.0-windows7.0": {
      "Serilog": {
        "type": "Direct",
        "requested": "[4.2.0, )",
        "resolved": "4.2.0",
        "contentHash": "gmoWVOvKgbME8TYR+gwMf7osROiWAURterc6Rt2dQyX7wtjZYpqFiA/pY6ztjGQKKV62GGCyOcmtP1UKMHgSmA=="
      },
      "Serilog.Sinks.File": {
        "type": "Direct",
        "requested": "[7.0.0, )",
        "resolved": "7.0.0",
        "contentHash": "fKL7mXv7qaiNBUC71ssvn/dU0k9t0o45+qm2XgKAlSt19xF+ijjxyA3R6HmCgfKEKwfcfkwWjayuQtRueZFkYw==",
        "dependencies": {
          "Serilog": "4.2.0"
        }
      }
    },
    "net8.0-windows7.0/win-x64": {}
  }
}